
Microsoft Visual Studio Solution File, Format Version 12.00
# Visual Studio Version 17
VisualStudioVersion = 17.1.32319.34
MinimumVisualStudioVersion = 10.0.40219.1
Project("{FAE04EC0-301F-11D3-BF4B-00C04F79EFBC}") = "BitirmeProjesi", "BitirmeProjesi\BitirmeProjesi.csproj", "{9E6EB5D6-011C-4601-B82C-B8DDC13568C4}"
EndProject
Project("{FAE04EC0-301F-11D3-BF4B-00C04F79EFBC}") = "BitirmeProjesi.ViewModels", "BitirmeProjesi.ViewModels\BitirmeProjesi.ViewModels.csproj", "{C2798B84-52A7-4FBC-AC09-A6AF930784A2}"
EndProject
Project("{FAE04EC0-301F-11D3-BF4B-00C04F79EFBC}") = "BitirmeProjesi.Data", "BitirmeProjesi.Data\BitirmeProjesi.Data.csproj", "{D2BC82E9-A87B-4BE1-A0AB-F1B20335D5C7}"
EndProject
Project("{FAE04EC0-301F-11D3-BF4B-00C04F79EFBC}") = "BitirmeProjesi.Services", "BitirmeProjesi.Services\BitirmeProjesi.Services.csproj", "{C7353D02-8D88-4DA0-BF6C-D86B40BAA539}"
EndProject
Project("{FAE04EC0-301F-11D3-BF4B-00C04F79EFBC}") = "BitirmeProjesi.Infrastructure", "BitirmeProjesi.Infrastructure\BitirmeProjesi.Infrastructure.csproj", "{7BD097DF-AF1D-471A-9866-3CEF8A143554}"
EndProject
Global
	GlobalSection(SolutionConfigurationPlatforms) = preSolution
		Debug|Any CPU = Debug|Any CPU
		Release|Any CPU = Release|Any CPU
	EndGlobalSection
	GlobalSection(ProjectConfigurationPlatforms) = postSolution
		{9E6EB5D6-011C-4601-B82C-B8DDC13568C4}.Debug|Any CPU.ActiveCfg = Debug|Any CPU
		{9E6EB5D6-011C-4601-B82C-B8DDC13568C4}.Debug|Any CPU.Build.0 = Debug|Any CPU
		{9E6EB5D6-011C-4601-B82C-B8DDC13568C4}.Release|Any CPU.ActiveCfg = Release|Any CPU
		{9E6EB5D6-011C-4601-B82C-B8DDC13568C4}.Release|Any CPU.Build.0 = Release|Any CPU
		{C2798B84-52A7-4FBC-AC09-A6AF930784A2}.Debug|Any CPU.ActiveCfg = Debug|Any CPU
		{C2798B84-52A7-4FBC-AC09-A6AF930784A2}.Debug|Any CPU.Build.0 = Debug|Any CPU
		{C2798B84-52A7-4FBC-AC09-A6AF930784A2}.Release|Any CPU.ActiveCfg = Release|Any CPU
		{C2798B84-52A7-4FBC-AC09-A6AF930784A2}.Release|Any CPU.Build.0 = Release|Any CPU
		{D2BC82E9-A87B-4BE1-A0AB-F1B20335D5C7}.Debug|Any CPU.ActiveCfg = Debug|Any CPU
		{D2BC82E9-A87B-4BE1-A0AB-F1B20335D5C7}.Debug|Any CPU.Build.0 = Debug|Any CPU
		{D2BC82E9-A87B-4BE1-A0AB-F1B20335D5C7}.Release|Any CPU.ActiveCfg = Release|Any CPU
		{D2BC82E9-A87B-4BE1-A0AB-F1B20335D5C7}.Release|Any CPU.Build.0 = Release|Any CPU
		{C7353D02-8D88-4DA0-BF6C-D86B40BAA539}.Debug|Any CPU.ActiveCfg = Debug|Any CPU
		{C7353D02-8D88-4DA0-BF6C-D86B40BAA539}.Debug|Any CPU.Build.0 = Debug|Any CPU
		{C7353D02-8D88-4DA0-BF6C-D86B40BAA539}.Release|Any CPU.ActiveCfg = Release|Any CPU
		{C7353D02-8D88-4DA0-BF6C-D86B40BAA539}.Release|Any CPU.Build.0 = Release|Any CPU
		{7BD097DF-AF1D-471A-9866-3CEF8A143554}.Debug|Any CPU.ActiveCfg = Debug|Any CPU
		{7BD097DF-AF1D-471A-9866-3CEF8A143554}.Debug|Any CPU.Build.0 = Debug|Any CPU
		{7BD097DF-AF1D-471A-9866-3CEF8A143554}.Release|Any CPU.ActiveCfg = Release|Any CPU
		{7BD097DF-AF1D-471A-9866-3CEF8A143554}.Release|Any CPU.Build.0 = Release|Any CPU
	EndGlobalSection
	GlobalSection(SolutionProperties) = preSolution
		HideSolutionNode = FALSE
	EndGlobalSection
	GlobalSection(ExtensibilityGlobals) = postSolution
		SolutionGuid = {B37CDCF9-147B-4C26-BB01-B0EB83B2DD77}
	EndGlobalSection
EndGlobal
